
Microsoft Visual Studio Solution File, Format Version 12.00
# Visual Studio 15
VisualStudioVersion = 15.0.28010.2019
MinimumVisualStudioVersion = 10.0.40219.1
Project("{8BC9CEB8-8B4A-11D0-8D11-00A0C91BC942}") = "yac", "yac\yac.vcxproj", "{ECDF4A69-7FFB-475C-8D3B-BD3EEBE031F9}"
EndProject
Global
	GlobalSection(SolutionConfigurationPlatforms) = preSolution
		Debug|x64 = Debug|x64
		Debug|x86 = Debug|x86
		Release|x64 = Release|x64
		Release|x86 = Release|x86
	EndGlobalSection
	GlobalSection(ProjectConfigurationPlatforms) = postSolution
		{ECDF4A69-7FFB-475C-8D3B-BD3EEBE031F9}.Debug|x64.ActiveCfg = Debug|x64
		{ECDF4A69-7FFB-475C-8D3B-BD3EEBE031F9}.Debug|x64.Build.0 = Debug|x64
		{ECDF4A69-7FFB-475C-8D3B-BD3EEBE031F9}.Debug|x86.ActiveCfg = Debug|Win32
		{ECDF4A69-7FFB-475C-8D3B-BD3EEBE031F9}.Debug|x86.Build.0 = Debug|Win32
		{ECDF4A69-7FFB-475C-8D3B-BD3EEBE031F9}.Release|x64.ActiveCfg = Release|x64
		{ECDF4A69-7FFB-475C-8D3B-BD3EEBE031F9}.Release|x64.Build.0 = Release|x64
		{ECDF4A69-7FFB-475C-8D3B-BD3EEBE031F9}.Release|x86.ActiveCfg = Release|Win32
		{ECDF4A69-7FFB-475C-8D3B-BD3EEBE031F9}.Release|x86.Build.0 = Release|Win32
	EndGlobalSection
	GlobalSection(SolutionProperties) = preSolution
		HideSolutionNode = FALSE
	EndGlobalSection
	GlobalSection(ExtensibilityGlobals) = postSolution
		SolutionGuid = {F6E7799F-0514-4C60-A54E-0E2F2CA72F06}
	EndGlobalSection
EndGlobal
